
Microsoft Visual Studio Solution File, Format Version 12.00
# Visual Studio Version 16
VisualStudioVersion = 16.0.30225.117
MinimumVisualStudioVersion = 10.0.40219.1
Project("{9A19103F-16F7-4668-BE54-9A1E7A4F7556}") = "WebCoreIsIstek", "WebCoreIsIstek\WebCoreIsIstek.csproj", "{FA1704DE-5179-40E8-9D87-4C3F845AF0DC}"
EndProject
Project("{9A19103F-16F7-4668-BE54-9A1E7A4F7556}") = "WebCoreIsIstek.Core", "WebCoreIsIstek.Core\WebCoreIsIstek.Core.csproj", "{0940D9A7-8C3E-48DC-B8C9-1D78B1C4B9AA}"
EndProject
Project("{9A19103F-16F7-4668-BE54-9A1E7A4F7556}") = "WebCoreIsIstek.Infrastructure", "WebCoreIsIstek.Infrastructure\WebCoreIsIstek.Infrastructure.csproj", "{3CC439EB-56F0-426A-80EC-B26EA563E252}"
EndProject
Project("{9A19103F-16F7-4668-BE54-9A1E7A4F7556}") = "DataAccess", "DataAccess\DataAccess.csproj", "{A8358039-0F43-485F-B2FD-3D086082F0BC}"
EndProject
Global
	GlobalSection(SolutionConfigurationPlatforms) = preSolution
		Debug|Any CPU = Debug|Any CPU
		Release|Any CPU = Release|Any CPU
	EndGlobalSection
	GlobalSection(ProjectConfigurationPlatforms) = postSolution
		{FA1704DE-5179-40E8-9D87-4C3F845AF0DC}.Debug|Any CPU.ActiveCfg = Debug|Any CPU
		{FA1704DE-5179-40E8-9D87-4C3F845AF0DC}.Debug|Any CPU.Build.0 = Debug|Any CPU
		{FA1704DE-5179-40E8-9D87-4C3F845AF0DC}.Release|Any CPU.ActiveCfg = Release|Any CPU
		{FA1704DE-5179-40E8-9D87-4C3F845AF0DC}.Release|Any CPU.Build.0 = Release|Any CPU
		{0940D9A7-8C3E-48DC-B8C9-1D78B1C4B9AA}.Debug|Any CPU.ActiveCfg = Debug|Any CPU
		{0940D9A7-8C3E-48DC-B8C9-1D78B1C4B9AA}.Debug|Any CPU.Build.0 = Debug|Any CPU
		{0940D9A7-8C3E-48DC-B8C9-1D78B1C4B9AA}.Release|Any CPU.ActiveCfg = Release|Any CPU
		{0940D9A7-8C3E-48DC-B8C9-1D78B1C4B9AA}.Release|Any CPU.Build.0 = Release|Any CPU
		{3CC439EB-56F0-426A-80EC-B26EA563E252}.Debug|Any CPU.ActiveCfg = Debug|Any CPU
		{3CC439EB-56F0-426A-80EC-B26EA563E252}.Debug|Any CPU.Build.0 = Debug|Any CPU
		{3CC439EB-56F0-426A-80EC-B26EA563E252}.Release|Any CPU.ActiveCfg = Release|Any CPU
		{3CC439EB-56F0-426A-80EC-B26EA563E252}.Release|Any CPU.Build.0 = Release|Any CPU
		{A8358039-0F43-485F-B2FD-3D086082F0BC}.Debug|Any CPU.ActiveCfg = Debug|Any CPU
		{A8358039-0F43-485F-B2FD-3D086082F0BC}.Debug|Any CPU.Build.0 = Debug|Any CPU
		{A8358039-0F43-485F-B2FD-3D086082F0BC}.Release|Any CPU.ActiveCfg = Release|Any CPU
		{A8358039-0F43-485F-B2FD-3D086082F0BC}.Release|Any CPU.Build.0 = Release|Any CPU
	EndGlobalSection
	GlobalSection(SolutionProperties) = preSolution
		HideSolutionNode = FALSE
	EndGlobalSection
	GlobalSection(ExtensibilityGlobals) = postSolution
		SolutionGuid = {C35185AC-3D6D-45F3-A3FE-03DAD3A816E4}
	EndGlobalSection
EndGlobal
